// !$*UTF8*$!
{
	archiveVersion = 1;
	classes = {
	};
	objectVersion = 56;
	objects = {

/* Begin PBXBuildFile section */
		8E8984FB2CC80CE90056E823 /* ProgressionsApp.swift in Sources */ = {isa = PBXBuildFile; fileRef = 8E8984FA2CC80CE90056E823 /* ProgressionsApp.swift */; };
		8E8984FD2CC80CE90056E823 /* ContentView.swift in Sources */ = {isa = PBXBuildFile; fileRef = 8E8984FC2CC80CE90056E823 /* ContentView.swift */; };
		8E8984FF2CC80CEB0056E823 /* Assets.xcassets in Resources */ = {isa = PBXBuildFile; fileRef = 8E8984FE2CC80CEB0056E823 /* Assets.xcassets */; };
		8E8985022CC80CEB0056E823 /* Preview Assets.xcassets in Resources */ = {isa = PBXBuildFile; fileRef = 8E8985012CC80CEB0056E823 /* Preview Assets.xcassets */; };
		8E89850D2CC80CEB0056E823 /* ProgressionsTests.swift in Sources */ = {isa = PBXBuildFile; fileRef = 8E89850C2CC80CEB0056E823 /* ProgressionsTests.swift */; };
		8E8985172CC80CEB0056E823 /* ProgressionsUITests.swift in Sources */ = {isa = PBXBuildFile; fileRef = 8E8985162CC80CEB0056E823 /* ProgressionsUITests.swift */; };
		8E8985192CC80CEB0056E823 /* ProgressionsUITestsLaunchTests.swift in Sources */ = {isa = PBXBuildFile; fileRef = 8E8985182CC80CEB0056E823 /* ProgressionsUITestsLaunchTests.swift */; };
		8E8985262CC81B600056E823 /* GoogleService-Info.plist in Resources */ = {isa = PBXBuildFile; fileRef = 8E8985252CC81B5F0056E823 /* GoogleService-Info.plist */; };
		8E8985272CC81B600056E823 /* GoogleService-Info.plist in Resources */ = {isa = PBXBuildFile; fileRef = 8E8985252CC81B5F0056E823 /* GoogleService-Info.plist */; };
		8E8985282CC81B600056E823 /* GoogleService-Info.plist in Resources */ = {isa = PBXBuildFile; fileRef = 8E8985252CC81B5F0056E823 /* GoogleService-Info.plist */; };
		8E89852B2CC831A40056E823 /* FirebaseAnalytics in Frameworks */ = {isa = PBXBuildFile; productRef = 8E89852A2CC831A40056E823 /* FirebaseAnalytics */; };
		8E89852D2CC831A40056E823 /* FirebaseAnalyticsOnDeviceConversion in Frameworks */ = {isa = PBXBuildFile; productRef = 8E89852C2CC831A40056E823 /* FirebaseAnalyticsOnDeviceConversion */; };
		8E89852F2CC831A40056E823 /* FirebaseAnalyticsWithoutAdIdSupport in Frameworks */ = {isa = PBXBuildFile; productRef = 8E89852E2CC831A40056E823 /* FirebaseAnalyticsWithoutAdIdSupport */; };
		8E8985312CC831A40056E823 /* FirebaseAppCheck in Frameworks */ = {isa = PBXBuildFile; productRef = 8E8985302CC831A40056E823 /* FirebaseAppCheck */; };
		8E8985332CC831A40056E823 /* FirebaseAppDistribution-Beta in Frameworks */ = {isa = PBXBuildFile; productRef = 8E8985322CC831A40056E823 /* FirebaseAppDistribution-Beta */; };
/* End PBXBuildFile section */

/* Begin PBXContainerItemProxy section */
		8E8985092CC80CEB0056E823 /* PBXContainerItemProxy */ = {
			isa = PBXContainerItemProxy;
			containerPortal = 8E8984EF2CC80CE90056E823 /* Project object */;
			proxyType = 1;
			remoteGlobalIDString = 8E8984F62CC80CE90056E823;
			remoteInfo = Progressions;
		};
		8E8985132CC80CEB0056E823 /* PBXContainerItemProxy */ = {
			isa = PBXContainerItemProxy;
			containerPortal = 8E8984EF2CC80CE90056E823 /* Project object */;
			proxyType = 1;
			remoteGlobalIDString = 8E8984F62CC80CE90056E823;
			remoteInfo = Progressions;
		};
/* End PBXContainerItemProxy section */

/* Begin PBXFileReference section */
		8E8984F72CC80CE90056E823 /* Progressions.app */ = {isa = PBXFileReference; explicitFileType = wrapper.application; includeInIndex = 0; path = Progressions.app; sourceTree = BUILT_PRODUCTS_DIR; };
		8E8984FA2CC80CE90056E823 /* ProgressionsApp.swift */ = {isa = PBXFileReference; lastKnownFileType = sourcecode.swift; path = ProgressionsApp.swift; sourceTree = "<group>"; };
		8E8984FC2CC80CE90056E823 /* ContentView.swift */ = {isa = PBXFileReference; lastKnownFileType = sourcecode.swift; path = ContentView.swift; sourceTree = "<group>"; };
		8E8984FE2CC80CEB0056E823 /* Assets.xcassets */ = {isa = PBXFileReference; lastKnownFileType = folder.assetcatalog; path = Assets.xcassets; sourceTree = "<group>"; };
		8E8985012CC80CEB0056E823 /* Preview Assets.xcassets */ = {isa = PBXFileReference; lastKnownFileType = folder.assetcatalog; path = "Preview Assets.xcassets"; sourceTree = "<group>"; };
		8E8985032CC80CEB0056E823 /* Progressions.entitlements */ = {isa = PBXFileReference; lastKnownFileType = text.plist.entitlements; path = Progressions.entitlements; sourceTree = "<group>"; };
		8E8985082CC80CEB0056E823 /* ProgressionsTests.xctest */ = {isa = PBXFileReference; explicitFileType = wrapper.cfbundle; includeInIndex = 0; path = ProgressionsTests.xctest; sourceTree = BUILT_PRODUCTS_DIR; };
		8E89850C2CC80CEB0056E823 /* ProgressionsTests.swift */ = {isa = PBXFileReference; lastKnownFileType = sourcecode.swift; path = ProgressionsTests.swift; sourceTree = "<group>"; };
		8E8985122CC80CEB0056E823 /* ProgressionsUITests.xctest */ = {isa = PBXFileReference; explicitFileType = wrapper.cfbundle; includeInIndex = 0; path = ProgressionsUITests.xctest; sourceTree = BUILT_PRODUCTS_DIR; };
		8E8985162CC80CEB0056E823 /* ProgressionsUITests.swift */ = {isa = PBXFileReference; lastKnownFileType = sourcecode.swift; path = ProgressionsUITests.swift; sourceTree = "<group>"; };
		8E8985182CC80CEB0056E823 /* ProgressionsUITestsLaunchTests.swift */ = {isa = PBXFileReference; lastKnownFileType = sourcecode.swift; path = ProgressionsUITestsLaunchTests.swift; sourceTree = "<group>"; };
		8E8985252CC81B5F0056E823 /* GoogleService-Info.plist */ = {isa = PBXFileReference; fileEncoding = 4; lastKnownFileType = text.plist.xml; name = "GoogleService-Info.plist"; path = "../../../../Downloads/GoogleService-Info.plist"; sourceTree = "<group>"; };
/* End PBXFileReference section */

/* Begin PBXFrameworksBuildPhase section */
		8E8984F42CC80CE90056E823 /* Frameworks */ = {
			isa = PBXFrameworksBuildPhase;
			buildActionMask = 2147483647;
			files = (
				8E8985312CC831A40056E823 /* FirebaseAppCheck in Frameworks */,
				8E89852B2CC831A40056E823 /* FirebaseAnalytics in Frameworks */,
				8E8985332CC831A40056E823 /* FirebaseAppDistribution-Beta in Frameworks */,
				8E89852F2CC831A40056E823 /* FirebaseAnalyticsWithoutAdIdSupport in Frameworks */,
				8E89852D2CC831A40056E823 /* FirebaseAnalyticsOnDeviceConversion in Frameworks */,
			);
			runOnlyForDeploymentPostprocessing = 0;
		};
		8E8985052CC80CEB0056E823 /* Frameworks */ = {
			isa = PBXFrameworksBuildPhase;
			buildActionMask = 2147483647;
			files = (
			);
			runOnlyForDeploymentPostprocessing = 0;
		};
		8E89850F2CC80CEB0056E823 /* Frameworks */ = {
			isa = PBXFrameworksBuildPhase;
			buildActionMask = 2147483647;
			files = (
			);
			runOnlyForDeploymentPostprocessing = 0;
		};
/* End PBXFrameworksBuildPhase section */

/* Begin PBXGroup section */
		8E8984EE2CC80CE90056E823 = {
			isa = PBXGroup;
			children = (
				8E8984F92CC80CE90056E823 /* Progressions */,
				8E89850B2CC80CEB0056E823 /* ProgressionsTests */,
				8E8985152CC80CEB0056E823 /* ProgressionsUITests */,
				8E8984F82CC80CE90056E823 /* Products */,
			);
			sourceTree = "<group>";
		};
		8E8984F82CC80CE90056E823 /* Products */ = {
			isa = PBXGroup;
			children = (
				8E8984F72CC80CE90056E823 /* Progressions.app */,
				8E8985082CC80CEB0056E823 /* ProgressionsTests.xctest */,
				8E8985122CC80CEB0056E823 /* ProgressionsUITests.xctest */,
			);
			name = Products;
			sourceTree = "<group>";
		};
		8E8984F92CC80CE90056E823 /* Progressions */ = {
			isa = PBXGroup;
			children = (
				8E8984FA2CC80CE90056E823 /* ProgressionsApp.swift */,
				8E8984FC2CC80CE90056E823 /* ContentView.swift */,
				8E8984FE2CC80CEB0056E823 /* Assets.xcassets */,
				8E8985032CC80CEB0056E823 /* Progressions.entitlements */,
				8E8985252CC81B5F0056E823 /* GoogleService-Info.plist */,
				8E8985002CC80CEB0056E823 /* Preview Content */,
			);
			path = Progressions;
			sourceTree = "<group>";
		};
		8E8985002CC80CEB0056E823 /* Preview Content */ = {
			isa = PBXGroup;
			children = (
				8E8985012CC80CEB0056E823 /* Preview Assets.xcassets */,
			);
			path = "Preview Content";
			sourceTree = "<group>";
		};
		8E89850B2CC80CEB0056E823 /* ProgressionsTests */ = {
			isa = PBXGroup;
			children = (
				8E89850C2CC80CEB0056E823 /* ProgressionsTests.swift */,
			);
			path = ProgressionsTests;
			sourceTree = "<group>";
		};
		8E8985152CC80CEB0056E823 /* ProgressionsUITests */ = {
			isa = PBXGroup;
			children = (
				8E8985162CC80CEB0056E823 /* ProgressionsUITests.swift */,
				8E8985182CC80CEB0056E823 /* ProgressionsUITestsLaunchTests.swift */,
			);
			path = ProgressionsUITests;
			sourceTree = "<group>";
		};
/* End PBXGroup section */

/* Begin PBXNativeTarget section */
		8E8984F62CC80CE90056E823 /* Progressions */ = {
			isa = PBXNativeTarget;
			buildConfigurationList = 8E89851C2CC80CEB0056E823 /* Build configuration list for PBXNativeTarget "Progressions" */;
			buildPhases = (
				8E8984F32CC80CE90056E823 /* Sources */,
				8E8984F42CC80CE90056E823 /* Frameworks */,
				8E8984F52CC80CE90056E823 /* Resources */,
			);
			buildRules = (
			);
			dependencies = (
			);
			name = Progressions;
			packageProductDependencies = (
				8E89852A2CC831A40056E823 /* FirebaseAnalytics */,
				8E89852C2CC831A40056E823 /* FirebaseAnalyticsOnDeviceConversion */,
				8E89852E2CC831A40056E823 /* FirebaseAnalyticsWithoutAdIdSupport */,
				8E8985302CC831A40056E823 /* FirebaseAppCheck */,
				8E8985322CC831A40056E823 /* FirebaseAppDistribution-Beta */,
			);
			productName = Progressions;
			productReference = 8E8984F72CC80CE90056E823 /* Progressions.app */;
			productType = "com.apple.product-type.application";
		};
		8E8985072CC80CEB0056E823 /* ProgressionsTests */ = {
			isa = PBXNativeTarget;
			buildConfigurationList = 8E89851F2CC80CEB0056E823 /* Build configuration list for PBXNativeTarget "ProgressionsTests" */;
			buildPhases = (
				8E8985042CC80CEB0056E823 /* Sources */,
				8E8985052CC80CEB0056E823 /* Frameworks */,
				8E8985062CC80CEB0056E823 /* Resources */,
			);
			buildRules = (
			);
			dependencies = (
				8E89850A2CC80CEB0056E823 /* PBXTargetDependency */,
			);
			name = ProgressionsTests;
			productName = ProgressionsTests;
			productReference = 8E8985082CC80CEB0056E823 /* ProgressionsTests.xctest */;
			productType = "com.apple.product-type.bundle.unit-test";
		};
		8E8985112CC80CEB0056E823 /* ProgressionsUITests */ = {
			isa = PBXNativeTarget;
			buildConfigurationList = 8E8985222CC80CEB0056E823 /* Build configuration list for PBXNativeTarget "ProgressionsUITests" */;
			buildPhases = (
				8E89850E2CC80CEB0056E823 /* Sources */,
				8E89850F2CC80CEB0056E823 /* Frameworks */,
				8E8985102CC80CEB0056E823 /* Resources */,
			);
			buildRules = (
			);
			dependencies = (
				8E8985142CC80CEB0056E823 /* PBXTargetDependency */,
			);
			name = ProgressionsUITests;
			productName = ProgressionsUITests;
			productReference = 8E8985122CC80CEB0056E823 /* ProgressionsUITests.xctest */;
			productType = "com.apple.product-type.bundle.ui-testing";
		};
/* End PBXNativeTarget section */

/* Begin PBXProject section */
		8E8984EF2CC80CE90056E823 /* Project object */ = {
			isa = PBXProject;
			attributes = {
				BuildIndependentTargetsInParallel = 1;
				LastSwiftUpdateCheck = 1540;
				LastUpgradeCheck = 1540;
				TargetAttributes = {
					8E8984F62CC80CE90056E823 = {
						CreatedOnToolsVersion = 15.4;
					};
					8E8985072CC80CEB0056E823 = {
						CreatedOnToolsVersion = 15.4;
						TestTargetID = 8E8984F62CC80CE90056E823;
					};
					8E8985112CC80CEB0056E823 = {
						CreatedOnToolsVersion = 15.4;
						TestTargetID = 8E8984F62CC80CE90056E823;
					};
				};
			};
			buildConfigurationList = 8E8984F22CC80CE90056E823 /* Build configuration list for PBXProject "Progressions" */;
			compatibilityVersion = "Xcode 14.0";
			developmentRegion = en;
			hasScannedForEncodings = 0;
			knownRegions = (
				en,
				Base,
			);
			mainGroup = 8E8984EE2CC80CE90056E823;
			packageReferences = (
				8E8985292CC831A30056E823 /* XCRemoteSwiftPackageReference "firebase-ios-sdk" */,
			);
			productRefGroup = 8E8984F82CC80CE90056E823 /* Products */;
			projectDirPath = "";
			projectRoot = "";
			targets = (
				8E8984F62CC80CE90056E823 /* Progressions */,
				8E8985072CC80CEB0056E823 /* ProgressionsTests */,
				8E8985112CC80CEB0056E823 /* ProgressionsUITests */,
			);
		};
/* End PBXProject section */

/* Begin PBXResourcesBuildPhase section */
		8E8984F52CC80CE90056E823 /* Resources */ = {
			isa = PBXResourcesBuildPhase;
			buildActionMask = 2147483647;
			files = (
				8E8985022CC80CEB0056E823 /* Preview Assets.xcassets in Resources */,
				8E8984FF2CC80CEB0056E823 /* Assets.xcassets in Resources */,
				8E8985262CC81B600056E823 /* GoogleService-Info.plist in Resources */,
			);
			runOnlyForDeploymentPostprocessing = 0;
		};
		8E8985062CC80CEB0056E823 /* Resources */ = {
			isa = PBXResourcesBuildPhase;
			buildActionMask = 2147483647;
			files = (
				8E8985272CC81B600056E823 /* GoogleService-Info.plist in Resources */,
			);
			runOnlyForDeploymentPostprocessing = 0;
		};
		8E8985102CC80CEB0056E823 /* Resources */ = {
			isa = PBXResourcesBuildPhase;
			buildActionMask = 2147483647;
			files = (
				8E8985282CC81B600056E823 /* GoogleService-Info.plist in Resources */,
			);
			runOnlyForDeploymentPostprocessing = 0;
		};
/* End PBXResourcesBuildPhase section */

/* Begin PBXSourcesBuildPhase section */
		8E8984F32CC80CE90056E823 /* Sources */ = {
			isa = PBXSourcesBuildPhase;
			buildActionMask = 2147483647;
			files = (
				8E8984FD2CC80CE90056E823 /* ContentView.swift in Sources */,
				8E8984FB2CC80CE90056E823 /* ProgressionsApp.swift in Sources */,
			);
			runOnlyForDeploymentPostprocessing = 0;
		};
		8E8985042CC80CEB0056E823 /* Sources */ = {
			isa = PBXSourcesBuildPhase;
			buildActionMask = 2147483647;
			files = (
				8E89850D2CC80CEB0056E823 /* ProgressionsTests.swift in Sources */,
			);
			runOnlyForDeploymentPostprocessing = 0;
		};
		8E89850E2CC80CEB0056E823 /* Sources */ = {
			isa = PBXSourcesBuildPhase;
			buildActionMask = 2147483647;
			files = (
				8E8985192CC80CEB0056E823 /* ProgressionsUITestsLaunchTests.swift in Sources */,
				8E8985172CC80CEB0056E823 /* ProgressionsUITests.swift in Sources */,
			);
			runOnlyForDeploymentPostprocessing = 0;
		};
/* End PBXSourcesBuildPhase section */

/* Begin PBXTargetDependency section */
		8E89850A2CC80CEB0056E823 /* PBXTargetDependency */ = {
			isa = PBXTargetDependency;
			target = 8E8984F62CC80CE90056E823 /* Progressions */;
			targetProxy = 8E8985092CC80CEB0056E823 /* PBXContainerItemProxy */;
		};
		8E8985142CC80CEB0056E823 /* PBXTargetDependency */ = {
			isa = PBXTargetDependency;
			target = 8E8984F62CC80CE90056E823 /* Progressions */;
			targetProxy = 8E8985132CC80CEB0056E823 /* PBXContainerItemProxy */;
		};
/* End PBXTargetDependency section */

/* Begin XCBuildConfiguration section */
		8E89851A2CC80CEB0056E823 /* Debug */ = {
			isa = XCBuildConfiguration;
			buildSettings = {
				ALWAYS_SEARCH_USER_PATHS = NO;
				ASSETCATALOG_COMPILER_GENERATE_SWIFT_ASSET_SYMBOL_EXTENSIONS = YES;
				CLANG_ANALYZER_NONNULL = YES;
				CLANG_ANALYZER_NUMBER_OBJECT_CONVERSION = YES_AGGRESSIVE;
				CLANG_CXX_LANGUAGE_STANDARD = "gnu++20";
				CLANG_ENABLE_MODULES = YES;
				CLANG_ENABLE_OBJC_ARC = YES;
				CLANG_ENABLE_OBJC_WEAK = YES;
				CLANG_WARN_BLOCK_CAPTURE_AUTORELEASING = YES;
				CLANG_WARN_BOOL_CONVERSION = YES;
				CLANG_WARN_COMMA = YES;
				CLANG_WARN_CONSTANT_CONVERSION = YES;
				CLANG_WARN_DEPRECATED_OBJC_IMPLEMENTATIONS = YES;
				CLANG_WARN_DIRECT_OBJC_ISA_USAGE = YES_ERROR;
				CLANG_WARN_DOCUMENTATION_COMMENTS = YES;
				CLANG_WARN_EMPTY_BODY = YES;
				CLANG_WARN_ENUM_CONVERSION = YES;
				CLANG_WARN_INFINITE_RECURSION = YES;
				CLANG_WARN_INT_CONVERSION = YES;
				CLANG_WARN_NON_LITERAL_NULL_CONVERSION = YES;
				CLANG_WARN_OBJC_IMPLICIT_RETAIN_SELF = YES;
				CLANG_WARN_OBJC_LITERAL_CONVERSION = YES;
				CLANG_WARN_OBJC_ROOT_CLASS = YES_ERROR;
				CLANG_WARN_QUOTED_INCLUDE_IN_FRAMEWORK_HEADER = YES;
				CLANG_WARN_RANGE_LOOP_ANALYSIS = YES;
				CLANG_WARN_STRICT_PROTOTYPES = YES;
				CLANG_WARN_SUSPICIOUS_MOVE = YES;
				CLANG_WARN_UNGUARDED_AVAILABILITY = YES_AGGRESSIVE;
				CLANG_WARN_UNREACHABLE_CODE = YES;
				CLANG_WARN__DUPLICATE_METHOD_MATCH = YES;
				COPY_PHASE_STRIP = NO;
				DEBUG_INFORMATION_FORMAT = dwarf;
				ENABLE_STRICT_OBJC_MSGSEND = YES;
				ENABLE_TESTABILITY = YES;
				ENABLE_USER_SCRIPT_SANDBOXING = YES;
				GCC_C_LANGUAGE_STANDARD = gnu17;
				GCC_DYNAMIC_NO_PIC = NO;
				GCC_NO_COMMON_BLOCKS = YES;
				GCC_OPTIMIZATION_LEVEL = 0;
				GCC_PREPROCESSOR_DEFINITIONS = (
					"DEBUG=1",
					"$(inherited)",
				);
				GCC_WARN_64_TO_32_BIT_CONVERSION = YES;
				GCC_WARN_ABOUT_RETURN_TYPE = YES_ERROR;
				GCC_WARN_UNDECLARED_SELECTOR = YES;
				GCC_WARN_UNINITIALIZED_AUTOS = YES_AGGRESSIVE;
				GCC_WARN_UNUSED_FUNCTION = YES;
				GCC_WARN_UNUSED_VARIABLE = YES;
				LOCALIZATION_PREFERS_STRING_CATALOGS = YES;
				MACOSX_DEPLOYMENT_TARGET = 14.5;
				MTL_ENABLE_DEBUG_INFO = INCLUDE_SOURCE;
				MTL_FAST_MATH = YES;
				ONLY_ACTIVE_ARCH = YES;
				SDKROOT = macosx;
				SWIFT_ACTIVE_COMPILATION_CONDITIONS = "DEBUG $(inherited)";
				SWIFT_OPTIMIZATION_LEVEL = "-Onone";
			};
			name = Debug;
		};
		8E89851B2CC80CEB0056E823 /* Release */ = {
			isa = XCBuildConfiguration;
			buildSettings = {
				ALWAYS_SEARCH_USER_PATHS = NO;
				ASSETCATALOG_COMPILER_GENERATE_SWIFT_ASSET_SYMBOL_EXTENSIONS = YES;
				CLANG_ANALYZER_NONNULL = YES;
				CLANG_ANALYZER_NUMBER_OBJECT_CONVERSION = YES_AGGRESSIVE;
				CLANG_CXX_LANGUAGE_STANDARD = "gnu++20";
				CLANG_ENABLE_MODULES = YES;
				CLANG_ENABLE_OBJC_ARC = YES;
				CLANG_ENABLE_OBJC_WEAK = YES;
				CLANG_WARN_BLOCK_CAPTURE_AUTORELEASING = YES;
				CLANG_WARN_BOOL_CONVERSION = YES;
				CLANG_WARN_COMMA = YES;
				CLANG_WARN_CONSTANT_CONVERSION = YES;
				CLANG_WARN_DEPRECATED_OBJC_IMPLEMENTATIONS = YES;
				CLANG_WARN_DIRECT_OBJC_ISA_USAGE = YES_ERROR;
				CLANG_WARN_DOCUMENTATION_COMMENTS = YES;
				CLANG_WARN_EMPTY_BODY = YES;
				CLANG_WARN_ENUM_CONVERSION = YES;
				CLANG_WARN_INFINITE_RECURSION = YES;
				CLANG_WARN_INT_CONVERSION = YES;
				CLANG_WARN_NON_LITERAL_NULL_CONVERSION = YES;
				CLANG_WARN_OBJC_IMPLICIT_RETAIN_SELF = YES;
				CLANG_WARN_OBJC_LITERAL_CONVERSION = YES;
				CLANG_WARN_OBJC_ROOT_CLASS = YES_ERROR;
				CLANG_WARN_QUOTED_INCLUDE_IN_FRAMEWORK_HEADER = YES;
				CLANG_WARN_RANGE_LOOP_ANALYSIS = YES;
				CLANG_WARN_STRICT_PROTOTYPES = YES;
				CLANG_WARN_SUSPICIOUS_MOVE = YES;
				CLANG_WARN_UNGUARDED_AVAILABILITY = YES_AGGRESSIVE;
				CLANG_WARN_UNREACHABLE_CODE = YES;
				CLANG_WARN__DUPLICATE_METHOD_MATCH = YES;
				COPY_PHASE_STRIP = NO;
				DEBUG_INFORMATION_FORMAT = "dwarf-with-dsym";
				ENABLE_NS_ASSERTIONS = NO;
				ENABLE_STRICT_OBJC_MSGSEND = YES;
				ENABLE_USER_SCRIPT_SANDBOXING = YES;
				GCC_C_LANGUAGE_STANDARD = gnu17;
				GCC_NO_COMMON_BLOCKS = YES;
				GCC_WARN_64_TO_32_BIT_CONVERSION = YES;
				GCC_WARN_ABOUT_RETURN_TYPE = YES_ERROR;
				GCC_WARN_UNDECLARED_SELECTOR = YES;
				GCC_WARN_UNINITIALIZED_AUTOS = YES_AGGRESSIVE;
				GCC_WARN_UNUSED_FUNCTION = YES;
				GCC_WARN_UNUSED_VARIABLE = YES;
				LOCALIZATION_PREFERS_STRING_CATALOGS = YES;
				MACOSX_DEPLOYMENT_TARGET = 14.5;
				MTL_ENABLE_DEBUG_INFO = NO;
				MTL_FAST_MATH = YES;
				SDKROOT = macosx;
				SWIFT_COMPILATION_MODE = wholemodule;
			};
			name = Release;
		};
		8E89851D2CC80CEB0056E823 /* Debug */ = {
			isa = XCBuildConfiguration;
			buildSettings = {
				ASSETCATALOG_COMPILER_APPICON_NAME = AppIcon;
				ASSETCATALOG_COMPILER_GLOBAL_ACCENT_COLOR_NAME = AccentColor;
				CODE_SIGN_ENTITLEMENTS = Progressions/Progressions.entitlements;
				CODE_SIGN_STYLE = Automatic;
				COMBINE_HIDPI_IMAGES = YES;
				CURRENT_PROJECT_VERSION = 1;
				DEVELOPMENT_ASSET_PATHS = "\"Progressions/Preview Content\"";
				DEVELOPMENT_TEAM = 4354WS5886;
				ENABLE_HARDENED_RUNTIME = YES;
				ENABLE_PREVIEWS = YES;
				GENERATE_INFOPLIST_FILE = YES;
				INFOPLIST_KEY_NSHumanReadableCopyright = "";
				LD_RUNPATH_SEARCH_PATHS = (
					"$(inherited)",
					"@executable_path/../Frameworks",
				);
				MARKETING_VERSION = 1.0;
				PRODUCT_BUNDLE_IDENTIFIER = aym.Progressions;
				PRODUCT_NAME = "$(TARGET_NAME)";
				SWIFT_EMIT_LOC_STRINGS = YES;
				SWIFT_VERSION = 5.0;
			};
			name = Debug;
		};
		8E89851E2CC80CEB0056E823 /* Release */ = {
			isa = XCBuildConfiguration;
			buildSettings = {
				ASSETCATALOG_COMPILER_APPICON_NAME = AppIcon;
				ASSETCATALOG_COMPILER_GLOBAL_ACCENT_COLOR_NAME = AccentColor;
				CODE_SIGN_ENTITLEMENTS = Progressions/Progressions.entitlements;
				CODE_SIGN_STYLE = Automatic;
				COMBINE_HIDPI_IMAGES = YES;
				CURRENT_PROJECT_VERSION = 1;
				DEVELOPMENT_ASSET_PATHS = "\"Progressions/Preview Content\"";
				DEVELOPMENT_TEAM = 4354WS5886;
				ENABLE_HARDENED_RUNTIME = YES;
				ENABLE_PREVIEWS = YES;
				GENERATE_INFOPLIST_FILE = YES;
				INFOPLIST_KEY_NSHumanReadableCopyright = "";
				LD_RUNPATH_SEARCH_PATHS = (
					"$(inherited)",
					"@executable_path/../Frameworks",
				);
				MARKETING_VERSION = 1.0;
				PRODUCT_BUNDLE_IDENTIFIER = aym.Progressions;
				PRODUCT_NAME = "$(TARGET_NAME)";
				SWIFT_EMIT_LOC_STRINGS = YES;
				SWIFT_VERSION = 5.0;
			};
			name = Release;
		};
		8E8985202CC80CEB0056E823 /* Debug */ = {
			isa = XCBuildConfiguration;
			buildSettings = {
				ALWAYS_EMBED_SWIFT_STANDARD_LIBRARIES = YES;
				BUNDLE_LOADER = "$(TEST_HOST)";
				CODE_SIGN_STYLE = Automatic;
				CURRENT_PROJECT_VERSION = 1;
				DEVELOPMENT_TEAM = 4354WS5886;
				GENERATE_INFOPLIST_FILE = YES;
				MACOSX_DEPLOYMENT_TARGET = 14.5;
				MARKETING_VERSION = 1.0;
				PRODUCT_BUNDLE_IDENTIFIER = aym.ProgressionsTests;
				PRODUCT_NAME = "$(TARGET_NAME)";
				SWIFT_EMIT_LOC_STRINGS = NO;
				SWIFT_VERSION = 5.0;
				TEST_HOST = "$(BUILT_PRODUCTS_DIR)/Progressions.app/$(BUNDLE_EXECUTABLE_FOLDER_PATH)/Progressions";
			};
			name = Debug;
		};
		8E8985212CC80CEB0056E823 /* Release */ = {
			isa = XCBuildConfiguration;
			buildSettings = {
				ALWAYS_EMBED_SWIFT_STANDARD_LIBRARIES = YES;
				BUNDLE_LOADER = "$(TEST_HOST)";
				CODE_SIGN_STYLE = Automatic;
				CURRENT_PROJECT_VERSION = 1;
				DEVELOPMENT_TEAM = 4354WS5886;
				GENERATE_INFOPLIST_FILE = YES;
				MACOSX_DEPLOYMENT_TARGET = 14.5;
				MARKETING_VERSION = 1.0;
				PRODUCT_BUNDLE_IDENTIFIER = aym.ProgressionsTests;
				PRODUCT_NAME = "$(TARGET_NAME)";
				SWIFT_EMIT_LOC_STRINGS = NO;
				SWIFT_VERSION = 5.0;
				TEST_HOST = "$(BUILT_PRODUCTS_DIR)/Progressions.app/$(BUNDLE_EXECUTABLE_FOLDER_PATH)/Progressions";
			};
			name = Release;
		};
		8E8985232CC80CEB0056E823 /* Debug */ = {
			isa = XCBuildConfiguration;
			buildSettings = {
				ALWAYS_EMBED_SWIFT_STANDARD_LIBRARIES = YES;
				CODE_SIGN_STYLE = Automatic;
				CURRENT_PROJECT_VERSION = 1;
				DEVELOPMENT_TEAM = 4354WS5886;
				GENERATE_INFOPLIST_FILE = YES;
				MARKETING_VERSION = 1.0;
				PRODUCT_BUNDLE_IDENTIFIER = aym.ProgressionsUITests;
				PRODUCT_NAME = "$(TARGET_NAME)";
				SWIFT_EMIT_LOC_STRINGS = NO;
				SWIFT_VERSION = 5.0;
				TEST_TARGET_NAME = Progressions;
			};
			name = Debug;
		};
		8E8985242CC80CEB0056E823 /* Release */ = {
			isa = XCBuildConfiguration;
			buildSettings = {
				ALWAYS_EMBED_SWIFT_STANDARD_LIBRARIES = YES;
				CODE_SIGN_STYLE = Automatic;
				CURRENT_PROJECT_VERSION = 1;
				DEVELOPMENT_TEAM = 4354WS5886;
				GENERATE_INFOPLIST_FILE = YES;
				MARKETING_VERSION = 1.0;
				PRODUCT_BUNDLE_IDENTIFIER = aym.ProgressionsUITests;
				PRODUCT_NAME = "$(TARGET_NAME)";
				SWIFT_EMIT_LOC_STRINGS = NO;
				SWIFT_VERSION = 5.0;
				TEST_TARGET_NAME = Progressions;
			};
			name = Release;
		};
/* End XCBuildConfiguration section */

/* Begin XCConfigurationList section */
		8E8984F22CC80CE90056E823 /* Build configuration list for PBXProject "Progressions" */ = {
			isa = XCConfigurationList;
			buildConfigurations = (
				8E89851A2CC80CEB0056E823 /* Debug */,
				8E89851B2CC80CEB0056E823 /* Release */,
			);
			defaultConfigurationIsVisible = 0;
			defaultConfigurationName = Release;
		};
		8E89851C2CC80CEB0056E823 /* Build configuration list for PBXNativeTarget "Progressions" */ = {
			isa = XCConfigurationList;
			buildConfigurations = (
				8E89851D2CC80CEB0056E823 /* Debug */,
				8E89851E2CC80CEB0056E823 /* Release */,
			);
			defaultConfigurationIsVisible = 0;
			defaultConfigurationName = Release;
		};
		8E89851F2CC80CEB0056E823 /* Build configuration list for PBXNativeTarget "ProgressionsTests" */ = {
			isa = XCConfigurationList;
			buildConfigurations = (
				8E8985202CC80CEB0056E823 /* Debug */,
				8E8985212CC80CEB0056E823 /* Release */,
			);
			defaultConfigurationIsVisible = 0;
			defaultConfigurationName = Release;
		};
		8E8985222CC80CEB0056E823 /* Build configuration list for PBXNativeTarget "ProgressionsUITests" */ = {
			isa = XCConfigurationList;
			buildConfigurations = (
				8E8985232CC80CEB0056E823 /* Debug */,
				8E8985242CC80CEB0056E823 /* Release */,
			);
			defaultConfigurationIsVisible = 0;
			defaultConfigurationName = Release;
		};
/* End XCConfigurationList section */

/* Begin XCRemoteSwiftPackageReference section */
		8E8985292CC831A30056E823 /* XCRemoteSwiftPackageReference "firebase-ios-sdk" */ = {
			isa = XCRemoteSwiftPackageReference;
			repositoryURL = "https://github.com/firebase/firebase-ios-sdk";
			requirement = {
				kind = upToNextMajorVersion;
				minimumVersion = 11.4.0;
			};
		};
/* End XCRemoteSwiftPackageReference section */

/* Begin XCSwiftPackageProductDependency section */
		8E89852A2CC831A40056E823 /* FirebaseAnalytics */ = {
			isa = XCSwiftPackageProductDependency;
			package = 8E8985292CC831A30056E823 /* XCRemoteSwiftPackageReference "firebase-ios-sdk" */;
			productName = FirebaseAnalytics;
		};
		8E89852C2CC831A40056E823 /* FirebaseAnalyticsOnDeviceConversion */ = {
			isa = XCSwiftPackageProductDependency;
			package = 8E8985292CC831A30056E823 /* XCRemoteSwiftPackageReference "firebase-ios-sdk" */;
			productName = FirebaseAnalyticsOnDeviceConversion;
		};
		8E89852E2CC831A40056E823 /* FirebaseAnalyticsWithoutAdIdSupport */ = {
			isa = XCSwiftPackageProductDependency;
			package = 8E8985292CC831A30056E823 /* XCRemoteSwiftPackageReference "firebase-ios-sdk" */;
			productName = FirebaseAnalyticsWithoutAdIdSupport;
		};
		8E8985302CC831A40056E823 /* FirebaseAppCheck */ = {
			isa = XCSwiftPackageProductDependency;
			package = 8E8985292CC831A30056E823 /* XCRemoteSwiftPackageReference "firebase-ios-sdk" */;
			productName = FirebaseAppCheck;
		};
		8E8985322CC831A40056E823 /* FirebaseAppDistribution-Beta */ = {
			isa = XCSwiftPackageProductDependency;
			package = 8E8985292CC831A30056E823 /* XCRemoteSwiftPackageReference "firebase-ios-sdk" */;
			productName = "FirebaseAppDistribution-Beta";
		};
/* End XCSwiftPackageProductDependency section */
	};
	rootObject = 8E8984EF2CC80CE90056E823 /* Project object */;
}
